
Microsoft Visual Studio Solution File, Format Version 12.00
# Visual Studio Version 17
VisualStudioVersion = 17.7.34024.191
MinimumVisualStudioVersion = 10.0.40219.1
Project("{9A19103F-16F7-4668-BE54-9A1E7A4F7556}") = "Mathematics.NET", "src\Mathematics.NET\Mathematics.NET.csproj", "{558EB964-1CE7-4786-9656-6EEC36A7072E}"
EndProject
Project("{2150E333-8FDC-42A3-9474-1A3956D46DE8}") = "src", "src", "{DAD16084-D255-4DF4-A20D-077E92B88EC5}"
EndProject
Project("{2150E333-8FDC-42A3-9474-1A3956D46DE8}") = "Solution Items", "Solution Items", "{ADB18351-2BD5-4FA8-921A-09726E7AA6FC}"
	ProjectSection(SolutionItems) = preProject
		.editorconfig = .editorconfig
		.gitattributes = .gitattributes
		.gitignore = .gitignore
		CITATION.cff = CITATION.cff
		Directory.Build.props = Directory.Build.props
		LICENSE = LICENSE
		README.md = README.md
		THIRD_PARTY_NOTICES.txt = THIRD_PARTY_NOTICES.txt
	EndProjectSection
EndProject
Project("{2150E333-8FDC-42A3-9474-1A3956D46DE8}") = "tests", "tests", "{91DB0FE7-BAA4-4D16-8A39-65332DD53662}"
	ProjectSection(SolutionItems) = preProject
		tests\.runsettings = tests\.runsettings
	EndProjectSection
EndProject
Project("{9A19103F-16F7-4668-BE54-9A1E7A4F7556}") = "Mathematics.NET.SourceGenerators", "src\Mathematics.NET.SourceGenerators\Mathematics.NET.SourceGenerators.csproj", "{557642D0-685A-4846-AD31-DC764692E853}"
EndProject
Project("{9A19103F-16F7-4668-BE54-9A1E7A4F7556}") = "Mathematics.NET.Tests", "tests\Mathematics.NET.Tests\Mathematics.NET.Tests.csproj", "{A608C0E2-D431-45E9-AD05-A49115BE59AB}"
EndProject
Project("{9A19103F-16F7-4668-BE54-9A1E7A4F7556}") = "Mathematics.NET.Benchmarks", "tests\Mathematics.NET.Benchmarks\Mathematics.NET.Benchmarks.csproj", "{DD2741ED-C10C-4D76-8CEB-C378F3626D0D}"
EndProject
Project("{2150E333-8FDC-42A3-9474-1A3956D46DE8}") = ".github", ".github", "{9EB26D49-7E18-4404-BDCB-D26B827C4A22}"
	ProjectSection(SolutionItems) = preProject
		.github\dependabot.yml = .github\dependabot.yml
		.github\FUNDING.yml = .github\FUNDING.yml
	EndProjectSection
EndProject
Project("{2150E333-8FDC-42A3-9474-1A3956D46DE8}") = "workflows", "workflows", "{1B32D7FF-257B-49BB-B495-D64E5E6C4C82}"
	ProjectSection(SolutionItems) = preProject
		.github\workflows\codeql.yml = .github\workflows\codeql.yml
		.github\workflows\generate-documentation-site.yml = .github\workflows\generate-documentation-site.yml
		.github\workflows\unit-tests.yml = .github\workflows\unit-tests.yml
	EndProjectSection
EndProject
Project("{9A19103F-16F7-4668-BE54-9A1E7A4F7556}") = "Mathematics.NET.DevApp", "src\Mathematics.NET.DevApp\Mathematics.NET.DevApp.csproj", "{89C3482F-0027-483E-AAD7-5E12453915B3}"
EndProject
Project("{9A19103F-16F7-4668-BE54-9A1E7A4F7556}") = "Mathematics.NET.SourceGenerators.Public", "src\Mathematics.NET.SourceGenerators.Public\Mathematics.NET.SourceGenerators.Public.csproj", "{322F4C06-B98A-4600-88CB-17C73EED0C06}"
EndProject
Project("{FAE04EC0-301F-11D3-BF4B-00C04F79EFBC}") = "Mathematics.NET.SourceGenerators.Tests", "tests\Mathematics.NET.SourceGenerators.Tests\Mathematics.NET.SourceGenerators.Tests.csproj", "{FC1AB808-4856-A6E2-5078-45597C0EBF9E}"
EndProject
Project("{FAE04EC0-301F-11D3-BF4B-00C04F79EFBC}") = "Mathematics.NET.SourceGenerators.Public.Tests", "tests\Mathematics.NET.SourceGenerators.Public.Tests\Mathematics.NET.SourceGenerators.Public.Tests.csproj", "{098FBB78-1348-EC74-9118-284D72FD24F5}"
EndProject
Project("{FAE04EC0-301F-11D3-BF4B-00C04F79EFBC}") = "Mathematics.NET.Benchmarks.Impl", "tests\Mathematics.NET.Benchmarks.Impl\Mathematics.NET.Benchmarks.Impl.csproj", "{EBFAC973-A92A-763D-383C-ECECCE30D0B3}"
EndProject
Global
	GlobalSection(SolutionConfigurationPlatforms) = preSolution
		Debug|Any CPU = Debug|Any CPU
		Release|Any CPU = Release|Any CPU
	EndGlobalSection
	GlobalSection(ProjectConfigurationPlatforms) = postSolution
		{558EB964-1CE7-4786-9656-6EEC36A7072E}.Debug|Any CPU.ActiveCfg = Debug|Any CPU
		{558EB964-1CE7-4786-9656-6EEC36A7072E}.Debug|Any CPU.Build.0 = Debug|Any CPU
		{558EB964-1CE7-4786-9656-6EEC36A7072E}.Release|Any CPU.ActiveCfg = Release|Any CPU
		{558EB964-1CE7-4786-9656-6EEC36A7072E}.Release|Any CPU.Build.0 = Release|Any CPU
		{557642D0-685A-4846-AD31-DC764692E853}.Debug|Any CPU.ActiveCfg = Debug|Any CPU
		{557642D0-685A-4846-AD31-DC764692E853}.Debug|Any CPU.Build.0 = Debug|Any CPU
		{557642D0-685A-4846-AD31-DC764692E853}.Release|Any CPU.ActiveCfg = Release|Any CPU
		{557642D0-685A-4846-AD31-DC764692E853}.Release|Any CPU.Build.0 = Release|Any CPU
		{A608C0E2-D431-45E9-AD05-A49115BE59AB}.Debug|Any CPU.ActiveCfg = Debug|Any CPU
		{A608C0E2-D431-45E9-AD05-A49115BE59AB}.Debug|Any CPU.Build.0 = Debug|Any CPU
		{A608C0E2-D431-45E9-AD05-A49115BE59AB}.Release|Any CPU.ActiveCfg = Release|Any CPU
		{A608C0E2-D431-45E9-AD05-A49115BE59AB}.Release|Any CPU.Build.0 = Release|Any CPU
		{DD2741ED-C10C-4D76-8CEB-C378F3626D0D}.Debug|Any CPU.ActiveCfg = Debug|Any CPU
		{DD2741ED-C10C-4D76-8CEB-C378F3626D0D}.Debug|Any CPU.Build.0 = Debug|Any CPU
		{DD2741ED-C10C-4D76-8CEB-C378F3626D0D}.Release|Any CPU.ActiveCfg = Release|Any CPU
		{DD2741ED-C10C-4D76-8CEB-C378F3626D0D}.Release|Any CPU.Build.0 = Release|Any CPU
		{89C3482F-0027-483E-AAD7-5E12453915B3}.Debug|Any CPU.ActiveCfg = Debug|Any CPU
		{89C3482F-0027-483E-AAD7-5E12453915B3}.Debug|Any CPU.Build.0 = Debug|Any CPU
		{89C3482F-0027-483E-AAD7-5E12453915B3}.Release|Any CPU.ActiveCfg = Release|Any CPU
		{89C3482F-0027-483E-AAD7-5E12453915B3}.Release|Any CPU.Build.0 = Release|Any CPU
		{322F4C06-B98A-4600-88CB-17C73EED0C06}.Debug|Any CPU.ActiveCfg = Debug|Any CPU
		{322F4C06-B98A-4600-88CB-17C73EED0C06}.Debug|Any CPU.Build.0 = Debug|Any CPU
		{322F4C06-B98A-4600-88CB-17C73EED0C06}.Release|Any CPU.ActiveCfg = Release|Any CPU
		{322F4C06-B98A-4600-88CB-17C73EED0C06}.Release|Any CPU.Build.0 = Release|Any CPU
		{FC1AB808-4856-A6E2-5078-45597C0EBF9E}.Debug|Any CPU.ActiveCfg = Debug|Any CPU
		{FC1AB808-4856-A6E2-5078-45597C0EBF9E}.Debug|Any CPU.Build.0 = Debug|Any CPU
		{FC1AB808-4856-A6E2-5078-45597C0EBF9E}.Release|Any CPU.ActiveCfg = Release|Any CPU
		{FC1AB808-4856-A6E2-5078-45597C0EBF9E}.Release|Any CPU.Build.0 = Release|Any CPU
		{098FBB78-1348-EC74-9118-284D72FD24F5}.Debug|Any CPU.ActiveCfg = Debug|Any CPU
		{098FBB78-1348-EC74-9118-284D72FD24F5}.Debug|Any CPU.Build.0 = Debug|Any CPU
		{098FBB78-1348-EC74-9118-284D72FD24F5}.Release|Any CPU.ActiveCfg = Release|Any CPU
		{098FBB78-1348-EC74-9118-284D72FD24F5}.Release|Any CPU.Build.0 = Release|Any CPU
		{EBFAC973-A92A-763D-383C-ECECCE30D0B3}.Debug|Any CPU.ActiveCfg = Debug|Any CPU
		{EBFAC973-A92A-763D-383C-ECECCE30D0B3}.Debug|Any CPU.Build.0 = Debug|Any CPU
		{EBFAC973-A92A-763D-383C-ECECCE30D0B3}.Release|Any CPU.ActiveCfg = Release|Any CPU
		{EBFAC973-A92A-763D-383C-ECECCE30D0B3}.Release|Any CPU.Build.0 = Release|Any CPU
	EndGlobalSection
	GlobalSection(SolutionProperties) = preSolution
		HideSolutionNode = FALSE
	EndGlobalSection
	GlobalSection(NestedProjects) = preSolution
		{558EB964-1CE7-4786-9656-6EEC36A7072E} = {DAD16084-D255-4DF4-A20D-077E92B88EC5}
		{557642D0-685A-4846-AD31-DC764692E853} = {DAD16084-D255-4DF4-A20D-077E92B88EC5}
		{A608C0E2-D431-45E9-AD05-A49115BE59AB} = {91DB0FE7-BAA4-4D16-8A39-65332DD53662}
		{DD2741ED-C10C-4D76-8CEB-C378F3626D0D} = {91DB0FE7-BAA4-4D16-8A39-65332DD53662}
		{1B32D7FF-257B-49BB-B495-D64E5E6C4C82} = {9EB26D49-7E18-4404-BDCB-D26B827C4A22}
		{89C3482F-0027-483E-AAD7-5E12453915B3} = {DAD16084-D255-4DF4-A20D-077E92B88EC5}
		{322F4C06-B98A-4600-88CB-17C73EED0C06} = {DAD16084-D255-4DF4-A20D-077E92B88EC5}
		{FC1AB808-4856-A6E2-5078-45597C0EBF9E} = {91DB0FE7-BAA4-4D16-8A39-65332DD53662}
		{098FBB78-1348-EC74-9118-284D72FD24F5} = {91DB0FE7-BAA4-4D16-8A39-65332DD53662}
		{EBFAC973-A92A-763D-383C-ECECCE30D0B3} = {91DB0FE7-BAA4-4D16-8A39-65332DD53662}
	EndGlobalSection
	GlobalSection(ExtensibilityGlobals) = postSolution
		SolutionGuid = {179D9282-B1D9-42EC-A6A0-C1970012ED73}
	EndGlobalSection
EndGlobal
