
Microsoft Visual Studio Solution File, Format Version 12.00
# Visual Studio Version 17
VisualStudioVersion = 17.7.34024.191
MinimumVisualStudioVersion = 10.0.40219.1
Project("{FAE04EC0-301F-11D3-BF4B-00C04F79EFBC}") = "Mathematics.NET", "Mathematics.NET\Mathematics.NET.csproj", "{86370FDB-532F-4C3C-813B-3D1BBFE0B063}"
EndProject
Global
	GlobalSection(SolutionConfigurationPlatforms) = preSolution
		Debug|Any CPU = Debug|Any CPU
		Release|Any CPU = Release|Any CPU
	EndGlobalSection
	GlobalSection(ProjectConfigurationPlatforms) = postSolution
		{86370FDB-532F-4C3C-813B-3D1BBFE0B063}.Debug|Any CPU.ActiveCfg = Debug|Any CPU
		{86370FDB-532F-4C3C-813B-3D1BBFE0B063}.Debug|Any CPU.Build.0 = Debug|Any CPU
		{86370FDB-532F-4C3C-813B-3D1BBFE0B063}.Release|Any CPU.ActiveCfg = Release|Any CPU
		{86370FDB-532F-4C3C-813B-3D1BBFE0B063}.Release|Any CPU.Build.0 = Release|Any CPU
	EndGlobalSection
	GlobalSection(SolutionProperties) = preSolution
		HideSolutionNode = FALSE
	EndGlobalSection
	GlobalSection(ExtensibilityGlobals) = postSolution
		SolutionGuid = {179D9282-B1D9-42EC-A6A0-C1970012ED73}
	EndGlobalSection
EndGlobal
