
Microsoft Visual Studio Solution File, Format Version 12.00
# Visual Studio Version 17
VisualStudioVersion = 17.7.34024.191
MinimumVisualStudioVersion = 10.0.40219.1
Project("{9A19103F-16F7-4668-BE54-9A1E7A4F7556}") = "Mathematics.NET", "src\Mathematics.NET\Mathematics.NET.csproj", "{558EB964-1CE7-4786-9656-6EEC36A7072E}"
EndProject
Project("{2150E333-8FDC-42A3-9474-1A3956D46DE8}") = "src", "src", "{DAD16084-D255-4DF4-A20D-077E92B88EC5}"
EndProject
Project("{2150E333-8FDC-42A3-9474-1A3956D46DE8}") = "Solution Items", "Solution Items", "{ADB18351-2BD5-4FA8-921A-09726E7AA6FC}"
	ProjectSection(SolutionItems) = preProject
		.editorconfig = .editorconfig
		.gitattributes = .gitattributes
		.gitignore = .gitignore
		LICENSE = LICENSE
	EndProjectSection
EndProject
Project("{2150E333-8FDC-42A3-9474-1A3956D46DE8}") = "tests", "tests", "{91DB0FE7-BAA4-4D16-8A39-65332DD53662}"
EndProject
Project("{9A19103F-16F7-4668-BE54-9A1E7A4F7556}") = "Mathematics.NET.SourceGenerators", "src\Mathematics.NET.SourceGenerators\Mathematics.NET.SourceGenerators.csproj", "{557642D0-685A-4846-AD31-DC764692E853}"
EndProject
Project("{9A19103F-16F7-4668-BE54-9A1E7A4F7556}") = "Mathematics.NET.Tests", "tests\Mathematics.NET.Tests\Mathematics.NET.Tests.csproj", "{A608C0E2-D431-45E9-AD05-A49115BE59AB}"
EndProject
Project("{9A19103F-16F7-4668-BE54-9A1E7A4F7556}") = "Mathematics.NET.Benchmarks", "tests\Mathematics.NET.Benchmarks\Mathematics.NET.Benchmarks.csproj", "{DD2741ED-C10C-4D76-8CEB-C378F3626D0D}"
EndProject
Project("{2150E333-8FDC-42A3-9474-1A3956D46DE8}") = ".github", ".github", "{9EB26D49-7E18-4404-BDCB-D26B827C4A22}"
EndProject
Project("{2150E333-8FDC-42A3-9474-1A3956D46DE8}") = "workflows", "workflows", "{1B32D7FF-257B-49BB-B495-D64E5E6C4C82}"
	ProjectSection(SolutionItems) = preProject
		.github\workflows\generate-documentation-site.yml = .github\workflows\generate-documentation-site.yml
	EndProjectSection
EndProject
Project("{FAE04EC0-301F-11D3-BF4B-00C04F79EFBC}") = "Mathematics.NET.DevApp", "src\Mathematics.NET.DevApp\Mathematics.NET.DevApp.csproj", "{89C3482F-0027-483E-AAD7-5E12453915B3}"
EndProject
Global
	GlobalSection(SolutionConfigurationPlatforms) = preSolution
		Debug|x64 = Debug|x64
		Release|x64 = Release|x64
	EndGlobalSection
	GlobalSection(ProjectConfigurationPlatforms) = postSolution
		{558EB964-1CE7-4786-9656-6EEC36A7072E}.Debug|x64.ActiveCfg = Debug|x64
		{558EB964-1CE7-4786-9656-6EEC36A7072E}.Debug|x64.Build.0 = Debug|x64
		{558EB964-1CE7-4786-9656-6EEC36A7072E}.Release|x64.ActiveCfg = Release|x64
		{558EB964-1CE7-4786-9656-6EEC36A7072E}.Release|x64.Build.0 = Release|x64
		{557642D0-685A-4846-AD31-DC764692E853}.Debug|x64.ActiveCfg = Debug|x64
		{557642D0-685A-4846-AD31-DC764692E853}.Debug|x64.Build.0 = Debug|x64
		{557642D0-685A-4846-AD31-DC764692E853}.Release|x64.ActiveCfg = Release|x64
		{557642D0-685A-4846-AD31-DC764692E853}.Release|x64.Build.0 = Release|x64
		{A608C0E2-D431-45E9-AD05-A49115BE59AB}.Debug|x64.ActiveCfg = Debug|x64
		{A608C0E2-D431-45E9-AD05-A49115BE59AB}.Debug|x64.Build.0 = Debug|x64
		{A608C0E2-D431-45E9-AD05-A49115BE59AB}.Release|x64.ActiveCfg = Release|x64
		{A608C0E2-D431-45E9-AD05-A49115BE59AB}.Release|x64.Build.0 = Release|x64
		{DD2741ED-C10C-4D76-8CEB-C378F3626D0D}.Debug|x64.ActiveCfg = Debug|x64
		{DD2741ED-C10C-4D76-8CEB-C378F3626D0D}.Debug|x64.Build.0 = Debug|x64
		{DD2741ED-C10C-4D76-8CEB-C378F3626D0D}.Release|x64.ActiveCfg = Release|x64
		{DD2741ED-C10C-4D76-8CEB-C378F3626D0D}.Release|x64.Build.0 = Release|x64
		{89C3482F-0027-483E-AAD7-5E12453915B3}.Debug|x64.ActiveCfg = Debug|x64
		{89C3482F-0027-483E-AAD7-5E12453915B3}.Debug|x64.Build.0 = Debug|x64
		{89C3482F-0027-483E-AAD7-5E12453915B3}.Release|x64.ActiveCfg = Release|x64
		{89C3482F-0027-483E-AAD7-5E12453915B3}.Release|x64.Build.0 = Release|x64
	EndGlobalSection
	GlobalSection(SolutionProperties) = preSolution
		HideSolutionNode = FALSE
	EndGlobalSection
	GlobalSection(NestedProjects) = preSolution
		{558EB964-1CE7-4786-9656-6EEC36A7072E} = {DAD16084-D255-4DF4-A20D-077E92B88EC5}
		{557642D0-685A-4846-AD31-DC764692E853} = {DAD16084-D255-4DF4-A20D-077E92B88EC5}
		{A608C0E2-D431-45E9-AD05-A49115BE59AB} = {91DB0FE7-BAA4-4D16-8A39-65332DD53662}
		{DD2741ED-C10C-4D76-8CEB-C378F3626D0D} = {91DB0FE7-BAA4-4D16-8A39-65332DD53662}
		{1B32D7FF-257B-49BB-B495-D64E5E6C4C82} = {9EB26D49-7E18-4404-BDCB-D26B827C4A22}
		{89C3482F-0027-483E-AAD7-5E12453915B3} = {DAD16084-D255-4DF4-A20D-077E92B88EC5}
	EndGlobalSection
	GlobalSection(ExtensibilityGlobals) = postSolution
		SolutionGuid = {179D9282-B1D9-42EC-A6A0-C1970012ED73}
	EndGlobalSection
EndGlobal
